{
  "name": "angular-electron",
  "version": "10.5.2",
  "lockfileVersion": 2,
  "requires": true,
  "packages": {
    "": {
      "name": "angular-electron",
      "version": "10.5.2",
      "dependencies": {
        "@angular/material": "^13.3.7"
      }
    },
    "node_modules/@angular/material": {
      "version": "13.3.7",
      "resolved": "https://registry.npmjs.org/@angular/material/-/material-13.3.7.tgz",
      "integrity": "sha512-CXdLvohaxl3Nii6I70pEJX2FZRRkBPNiocUNP39hFHXf2PW/eNYCN8TS5DG2uOAaR2wyPwrXrU95mDjgvlqXqQ==",
      "dependencies": {
        "tslib": "^2.3.0"
      },
      "peerDependencies": {
        "@angular/animations": "^13.0.0 || ^14.0.0-0",
        "@angular/cdk": "13.3.7",
        "@angular/common": "^13.0.0 || ^14.0.0-0",
        "@angular/core": "^13.0.0 || ^14.0.0-0",
        "@angular/forms": "^13.0.0 || ^14.0.0-0",
        "@angular/platform-browser": "^13.0.0 || ^14.0.0-0",
        "rxjs": "^6.5.3 || ^7.4.0"
      }
    },
    "node_modules/tslib": {
      "version": "2.4.0",
      "resolved": "https://registry.npmjs.org/tslib/-/tslib-2.4.0.tgz",
      "integrity": "sha512-d6xOpEDfsi2CZVlPQzGeux8XMwLT9hssAsaPYExaQMuYskwb+x1x7J371tWlbBdWHroy99KnVB6qIkUbs5X3UQ=="
    }
  },
  "dependencies": {
    "@angular/material": {
      "version": "13.3.7",
      "resolved": "https://registry.npmjs.org/@angular/material/-/material-13.3.7.tgz",
      "integrity": "sha512-CXdLvohaxl3Nii6I70pEJX2FZRRkBPNiocUNP39hFHXf2PW/eNYCN8TS5DG2uOAaR2wyPwrXrU95mDjgvlqXqQ==",
      "requires": {
        "tslib": "^2.3.0"
      }
    },
    "tslib": {
      "version": "2.4.0",
      "resolved": "https://registry.npmjs.org/tslib/-/tslib-2.4.0.tgz",
      "integrity": "sha512-d6xOpEDfsi2CZVlPQzGeux8XMwLT9hssAsaPYExaQMuYskwb+x1x7J371tWlbBdWHroy99KnVB6qIkUbs5X3UQ=="
    }
  }
}
